
Microsoft Visual Studio Solution File, Format Version 12.00
# Visual Studio Version 16
VisualStudioVersion = 16.0.30907.101
MinimumVisualStudioVersion = 10.0.40219.1
Project("{FAE04EC0-301F-11D3-BF4B-00C04F79EFBC}") = "Digitala_FiskGuiden", "Digitala_FiskGuiden.csproj", "{90D88852-3F46-477C-A3CA-D6739A421415}"
EndProject
Global
	GlobalSection(SolutionConfigurationPlatforms) = preSolution
		Debug|Any CPU = Debug|Any CPU
		Release|Any CPU = Release|Any CPU
	EndGlobalSection
	GlobalSection(ProjectConfigurationPlatforms) = postSolution
		{90D88852-3F46-477C-A3CA-D6739A421415}.Debug|Any CPU.ActiveCfg = Debug|Any CPU
		{90D88852-3F46-477C-A3CA-D6739A421415}.Debug|Any CPU.Build.0 = Debug|Any CPU
		{90D88852-3F46-477C-A3CA-D6739A421415}.Release|Any CPU.ActiveCfg = Release|Any CPU
		{90D88852-3F46-477C-A3CA-D6739A421415}.Release|Any CPU.Build.0 = Release|Any CPU
	EndGlobalSection
	GlobalSection(SolutionProperties) = preSolution
		HideSolutionNode = FALSE
	EndGlobalSection
	GlobalSection(ExtensibilityGlobals) = postSolution
		SolutionGuid = {09099E0A-982A-4A42-9BEC-2C3FFCA7F603}
	EndGlobalSection
EndGlobal
